// !$*UTF8*$!
{
	archiveVersion = 1;
	classes = {
	};
	objectVersion = 56;
	objects = {

/* Begin PBXBuildFile section */
		625B91B27D124E1003FE9FFB /* Pods_CityAirport.framework in Frameworks */ = {isa = PBXBuildFile; fileRef = 091F899A6A44F290733CA744 /* Pods_CityAirport.framework */; };
		CE614BB7293F512B00C4FDC0 /* AppDelegate.swift in Sources */ = {isa = PBXBuildFile; fileRef = CE614BB6293F512B00C4FDC0 /* AppDelegate.swift */; };
		CE614BB9293F512B00C4FDC0 /* SceneDelegate.swift in Sources */ = {isa = PBXBuildFile; fileRef = CE614BB8293F512B00C4FDC0 /* SceneDelegate.swift */; };
		CE614BBB293F512B00C4FDC0 /* SearchCityViewController.swift in Sources */ = {isa = PBXBuildFile; fileRef = CE614BBA293F512B00C4FDC0 /* SearchCityViewController.swift */; };
		CE614BBE293F512B00C4FDC0 /* Main.storyboard in Resources */ = {isa = PBXBuildFile; fileRef = CE614BBC293F512B00C4FDC0 /* Main.storyboard */; };
		CE614BC0293F512E00C4FDC0 /* Assets.xcassets in Resources */ = {isa = PBXBuildFile; fileRef = CE614BBF293F512E00C4FDC0 /* Assets.xcassets */; };
		CE614BC3293F512E00C4FDC0 /* LaunchScreen.storyboard in Resources */ = {isa = PBXBuildFile; fileRef = CE614BC1293F512E00C4FDC0 /* LaunchScreen.storyboard */; };
		CE614BCD293F81AE00C4FDC0 /* SearchCityViewModel.swift in Sources */ = {isa = PBXBuildFile; fileRef = CE614BCC293F81AE00C4FDC0 /* SearchCityViewModel.swift */; };
		CE614BD0293F8B8500C4FDC0 /* SearchCityCoordinator.swift in Sources */ = {isa = PBXBuildFile; fileRef = CE614BCF293F8B8500C4FDC0 /* SearchCityCoordinator.swift */; };
		CE614BD2293F8BAE00C4FDC0 /* CoordinatorProtocol.swift in Sources */ = {isa = PBXBuildFile; fileRef = CE614BD1293F8BAE00C4FDC0 /* CoordinatorProtocol.swift */; };
		CE614BD4293F8C9300C4FDC0 /* BaseCoordinator.swift in Sources */ = {isa = PBXBuildFile; fileRef = CE614BD3293F8C9300C4FDC0 /* BaseCoordinator.swift */; };
		CE614BD7293F8D8200C4FDC0 /* Storyboardable.swift in Sources */ = {isa = PBXBuildFile; fileRef = CE614BD6293F8D8200C4FDC0 /* Storyboardable.swift */; };
		CE614BD9293F90BB00C4FDC0 /* AppCoordinator.swift in Sources */ = {isa = PBXBuildFile; fileRef = CE614BD8293F90BB00C4FDC0 /* AppCoordinator.swift */; };
		CE614BDC293FA2AF00C4FDC0 /* HttpRouter.swift in Sources */ = {isa = PBXBuildFile; fileRef = CE614BDB293FA2AF00C4FDC0 /* HttpRouter.swift */; };
		CE614BDE293FA2B900C4FDC0 /* NetworkService.swift in Sources */ = {isa = PBXBuildFile; fileRef = CE614BDD293FA2B900C4FDC0 /* NetworkService.swift */; };
		CE614BE0293FA47E00C4FDC0 /* AirportNetworkService.swift in Sources */ = {isa = PBXBuildFile; fileRef = CE614BDF293FA47E00C4FDC0 /* AirportNetworkService.swift */; };
		CE614BE2293FA56300C4FDC0 /* AirportHttpRouter.swift in Sources */ = {isa = PBXBuildFile; fileRef = CE614BE1293FA56300C4FDC0 /* AirportHttpRouter.swift */; };
		CE614BE5293FAADB00C4FDC0 /* AirportApiProtocol.swift in Sources */ = {isa = PBXBuildFile; fileRef = CE614BE4293FAADB00C4FDC0 /* AirportApiProtocol.swift */; };
		CE614BE7293FAAEB00C4FDC0 /* AirportApiService.swift in Sources */ = {isa = PBXBuildFile; fileRef = CE614BE6293FAAEB00C4FDC0 /* AirportApiService.swift */; };
		CE614BEA293FAB8700C4FDC0 /* AirportModel.swift in Sources */ = {isa = PBXBuildFile; fileRef = CE614BE9293FAB8700C4FDC0 /* AirportModel.swift */; };
		CE614BF02940C68000C4FDC0 /* CityTableViewCell.swift in Sources */ = {isa = PBXBuildFile; fileRef = CE614BEE2940C68000C4FDC0 /* CityTableViewCell.swift */; };
		CE614BF12940C68000C4FDC0 /* CityTableViewCell.xib in Resources */ = {isa = PBXBuildFile; fileRef = CE614BEF2940C68000C4FDC0 /* CityTableViewCell.xib */; };
		CE614BF32940C6E600C4FDC0 /* CityViewModel.swift in Sources */ = {isa = PBXBuildFile; fileRef = CE614BF22940C6E600C4FDC0 /* CityViewModel.swift */; };
		CE614BF72940C75800C4FDC0 /* AirportTableViewCell.swift in Sources */ = {isa = PBXBuildFile; fileRef = CE614BF52940C75800C4FDC0 /* AirportTableViewCell.swift */; };
		CE614BF82940C75800C4FDC0 /* AirportTableViewCell.xib in Resources */ = {isa = PBXBuildFile; fileRef = CE614BF62940C75800C4FDC0 /* AirportTableViewCell.xib */; };
		CE614BFA2940C79200C4FDC0 /* AirportViewController.swift in Sources */ = {isa = PBXBuildFile; fileRef = CE614BF92940C79200C4FDC0 /* AirportViewController.swift */; };
		CE614BFC2940C7ED00C4FDC0 /* AirportsViewModel.swift in Sources */ = {isa = PBXBuildFile; fileRef = CE614BFB2940C7EC00C4FDC0 /* AirportsViewModel.swift */; };
		CE614BFE2940C81800C4FDC0 /* AirportViewModel.swift in Sources */ = {isa = PBXBuildFile; fileRef = CE614BFD2940C81800C4FDC0 /* AirportViewModel.swift */; };
		CE614C002940C90500C4FDC0 /* AirportDetailsViewController.swift in Sources */ = {isa = PBXBuildFile; fileRef = CE614BFF2940C90500C4FDC0 /* AirportDetailsViewController.swift */; };
		CE614C032940C97800C4FDC0 /* AirportPin.swift in Sources */ = {isa = PBXBuildFile; fileRef = CE614C022940C97800C4FDC0 /* AirportPin.swift */; };
		CE614C052940C99900C4FDC0 /* AirportMapViewModel.swift in Sources */ = {isa = PBXBuildFile; fileRef = CE614C042940C99900C4FDC0 /* AirportMapViewModel.swift */; };
		CE614C072940C9DA00C4FDC0 /* AirportDetailsViewModel.swift in Sources */ = {isa = PBXBuildFile; fileRef = CE614C062940C9DA00C4FDC0 /* AirportDetailsViewModel.swift */; };
		CE614C092940CA6800C4FDC0 /* AirportCoordinator.swift in Sources */ = {isa = PBXBuildFile; fileRef = CE614C082940CA6800C4FDC0 /* AirportCoordinator.swift */; };
		CE614C0B2940CA7F00C4FDC0 /* AirportDetailsCoordinator.swift in Sources */ = {isa = PBXBuildFile; fileRef = CE614C0A2940CA7F00C4FDC0 /* AirportDetailsCoordinator.swift */; };
		CE614C0E2940CAE200C4FDC0 /* Drawable.swift in Sources */ = {isa = PBXBuildFile; fileRef = CE614C0D2940CAE200C4FDC0 /* Drawable.swift */; };
		CE614C102940CAFE00C4FDC0 /* Routing.swift in Sources */ = {isa = PBXBuildFile; fileRef = CE614C0F2940CAFE00C4FDC0 /* Routing.swift */; };
		CE614C122940CB1300C4FDC0 /* Router.swift in Sources */ = {isa = PBXBuildFile; fileRef = CE614C112940CB1300C4FDC0 /* Router.swift */; };
		CE614C172940CBEB00C4FDC0 /* LocationService.swift in Sources */ = {isa = PBXBuildFile; fileRef = CE614C162940CBEB00C4FDC0 /* LocationService.swift */; };
		CE614C192940CE9E00C4FDC0 /* Extension + UIColor.swift in Sources */ = {isa = PBXBuildFile; fileRef = CE614C182940CE9E00C4FDC0 /* Extension + UIColor.swift */; };
/* End PBXBuildFile section */

/* Begin PBXFileReference section */
		091F899A6A44F290733CA744 /* Pods_CityAirport.framework */ = {isa = PBXFileReference; explicitFileType = wrapper.framework; includeInIndex = 0; path = Pods_CityAirport.framework; sourceTree = BUILT_PRODUCTS_DIR; };
		CE614BB3293F512B00C4FDC0 /* CityAirport.app */ = {isa = PBXFileReference; explicitFileType = wrapper.application; includeInIndex = 0; path = CityAirport.app; sourceTree = BUILT_PRODUCTS_DIR; };
		CE614BB6293F512B00C4FDC0 /* AppDelegate.swift */ = {isa = PBXFileReference; lastKnownFileType = sourcecode.swift; path = AppDelegate.swift; sourceTree = "<group>"; };
		CE614BB8293F512B00C4FDC0 /* SceneDelegate.swift */ = {isa = PBXFileReference; lastKnownFileType = sourcecode.swift; path = SceneDelegate.swift; sourceTree = "<group>"; };
		CE614BBA293F512B00C4FDC0 /* SearchCityViewController.swift */ = {isa = PBXFileReference; lastKnownFileType = sourcecode.swift; path = SearchCityViewController.swift; sourceTree = "<group>"; };
		CE614BBD293F512B00C4FDC0 /* Base */ = {isa = PBXFileReference; lastKnownFileType = file.storyboard; name = Base; path = Base.lproj/Main.storyboard; sourceTree = "<group>"; };
		CE614BBF293F512E00C4FDC0 /* Assets.xcassets */ = {isa = PBXFileReference; lastKnownFileType = folder.assetcatalog; path = Assets.xcassets; sourceTree = "<group>"; };
		CE614BC2293F512E00C4FDC0 /* Base */ = {isa = PBXFileReference; lastKnownFileType = file.storyboard; name = Base; path = Base.lproj/LaunchScreen.storyboard; sourceTree = "<group>"; };
		CE614BC4293F512E00C4FDC0 /* Info.plist */ = {isa = PBXFileReference; lastKnownFileType = text.plist.xml; path = Info.plist; sourceTree = "<group>"; };
		CE614BCC293F81AE00C4FDC0 /* SearchCityViewModel.swift */ = {isa = PBXFileReference; lastKnownFileType = sourcecode.swift; path = SearchCityViewModel.swift; sourceTree = "<group>"; };
		CE614BCF293F8B8500C4FDC0 /* SearchCityCoordinator.swift */ = {isa = PBXFileReference; lastKnownFileType = sourcecode.swift; path = SearchCityCoordinator.swift; sourceTree = "<group>"; };
		CE614BD1293F8BAE00C4FDC0 /* CoordinatorProtocol.swift */ = {isa = PBXFileReference; lastKnownFileType = sourcecode.swift; path = CoordinatorProtocol.swift; sourceTree = "<group>"; };
		CE614BD3293F8C9300C4FDC0 /* BaseCoordinator.swift */ = {isa = PBXFileReference; lastKnownFileType = sourcecode.swift; path = BaseCoordinator.swift; sourceTree = "<group>"; };
		CE614BD6293F8D8200C4FDC0 /* Storyboardable.swift */ = {isa = PBXFileReference; lastKnownFileType = sourcecode.swift; path = Storyboardable.swift; sourceTree = "<group>"; };
		CE614BD8293F90BB00C4FDC0 /* AppCoordinator.swift */ = {isa = PBXFileReference; lastKnownFileType = sourcecode.swift; path = AppCoordinator.swift; sourceTree = "<group>"; };
		CE614BDB293FA2AF00C4FDC0 /* HttpRouter.swift */ = {isa = PBXFileReference; lastKnownFileType = sourcecode.swift; path = HttpRouter.swift; sourceTree = "<group>"; };
		CE614BDD293FA2B900C4FDC0 /* NetworkService.swift */ = {isa = PBXFileReference; lastKnownFileType = sourcecode.swift; path = NetworkService.swift; sourceTree = "<group>"; };
		CE614BDF293FA47E00C4FDC0 /* AirportNetworkService.swift */ = {isa = PBXFileReference; lastKnownFileType = sourcecode.swift; path = AirportNetworkService.swift; sourceTree = "<group>"; };
		CE614BE1293FA56300C4FDC0 /* AirportHttpRouter.swift */ = {isa = PBXFileReference; lastKnownFileType = sourcecode.swift; path = AirportHttpRouter.swift; sourceTree = "<group>"; };
		CE614BE4293FAADB00C4FDC0 /* AirportApiProtocol.swift */ = {isa = PBXFileReference; lastKnownFileType = sourcecode.swift; path = AirportApiProtocol.swift; sourceTree = "<group>"; };
		CE614BE6293FAAEB00C4FDC0 /* AirportApiService.swift */ = {isa = PBXFileReference; lastKnownFileType = sourcecode.swift; path = AirportApiService.swift; sourceTree = "<group>"; };
		CE614BE9293FAB8700C4FDC0 /* AirportModel.swift */ = {isa = PBXFileReference; lastKnownFileType = sourcecode.swift; path = AirportModel.swift; sourceTree = "<group>"; };
		CE614BEE2940C68000C4FDC0 /* CityTableViewCell.swift */ = {isa = PBXFileReference; lastKnownFileType = sourcecode.swift; path = CityTableViewCell.swift; sourceTree = "<group>"; };
		CE614BEF2940C68000C4FDC0 /* CityTableViewCell.xib */ = {isa = PBXFileReference; lastKnownFileType = file.xib; path = CityTableViewCell.xib; sourceTree = "<group>"; };
		CE614BF22940C6E600C4FDC0 /* CityViewModel.swift */ = {isa = PBXFileReference; lastKnownFileType = sourcecode.swift; path = CityViewModel.swift; sourceTree = "<group>"; };
		CE614BF52940C75800C4FDC0 /* AirportTableViewCell.swift */ = {isa = PBXFileReference; lastKnownFileType = sourcecode.swift; path = AirportTableViewCell.swift; sourceTree = "<group>"; };
		CE614BF62940C75800C4FDC0 /* AirportTableViewCell.xib */ = {isa = PBXFileReference; lastKnownFileType = file.xib; path = AirportTableViewCell.xib; sourceTree = "<group>"; };
		CE614BF92940C79200C4FDC0 /* AirportViewController.swift */ = {isa = PBXFileReference; lastKnownFileType = sourcecode.swift; path = AirportViewController.swift; sourceTree = "<group>"; };
		CE614BFB2940C7EC00C4FDC0 /* AirportsViewModel.swift */ = {isa = PBXFileReference; lastKnownFileType = sourcecode.swift; path = AirportsViewModel.swift; sourceTree = "<group>"; };
		CE614BFD2940C81800C4FDC0 /* AirportViewModel.swift */ = {isa = PBXFileReference; lastKnownFileType = sourcecode.swift; path = AirportViewModel.swift; sourceTree = "<group>"; };
		CE614BFF2940C90500C4FDC0 /* AirportDetailsViewController.swift */ = {isa = PBXFileReference; lastKnownFileType = sourcecode.swift; path = AirportDetailsViewController.swift; sourceTree = "<group>"; };
		CE614C022940C97800C4FDC0 /* AirportPin.swift */ = {isa = PBXFileReference; lastKnownFileType = sourcecode.swift; path = AirportPin.swift; sourceTree = "<group>"; };
		CE614C042940C99900C4FDC0 /* AirportMapViewModel.swift */ = {isa = PBXFileReference; lastKnownFileType = sourcecode.swift; path = AirportMapViewModel.swift; sourceTree = "<group>"; };
		CE614C062940C9DA00C4FDC0 /* AirportDetailsViewModel.swift */ = {isa = PBXFileReference; lastKnownFileType = sourcecode.swift; path = AirportDetailsViewModel.swift; sourceTree = "<group>"; };
		CE614C082940CA6800C4FDC0 /* AirportCoordinator.swift */ = {isa = PBXFileReference; lastKnownFileType = sourcecode.swift; path = AirportCoordinator.swift; sourceTree = "<group>"; };
		CE614C0A2940CA7F00C4FDC0 /* AirportDetailsCoordinator.swift */ = {isa = PBXFileReference; lastKnownFileType = sourcecode.swift; path = AirportDetailsCoordinator.swift; sourceTree = "<group>"; };
		CE614C0D2940CAE200C4FDC0 /* Drawable.swift */ = {isa = PBXFileReference; lastKnownFileType = sourcecode.swift; path = Drawable.swift; sourceTree = "<group>"; };
		CE614C0F2940CAFE00C4FDC0 /* Routing.swift */ = {isa = PBXFileReference; lastKnownFileType = sourcecode.swift; path = Routing.swift; sourceTree = "<group>"; };
		CE614C112940CB1300C4FDC0 /* Router.swift */ = {isa = PBXFileReference; lastKnownFileType = sourcecode.swift; path = Router.swift; sourceTree = "<group>"; };
		CE614C162940CBEB00C4FDC0 /* LocationService.swift */ = {isa = PBXFileReference; lastKnownFileType = sourcecode.swift; path = LocationService.swift; sourceTree = "<group>"; };
		CE614C182940CE9E00C4FDC0 /* Extension + UIColor.swift */ = {isa = PBXFileReference; lastKnownFileType = sourcecode.swift; path = "Extension + UIColor.swift"; sourceTree = "<group>"; };
		D364B13457B53F6ED09B2CF9 /* Pods-CityAirport.debug.xcconfig */ = {isa = PBXFileReference; includeInIndex = 1; lastKnownFileType = text.xcconfig; name = "Pods-CityAirport.debug.xcconfig"; path = "Target Support Files/Pods-CityAirport/Pods-CityAirport.debug.xcconfig"; sourceTree = "<group>"; };
		E612D51EECA65AB1230EF1C1 /* Pods-CityAirport.release.xcconfig */ = {isa = PBXFileReference; includeInIndex = 1; lastKnownFileType = text.xcconfig; name = "Pods-CityAirport.release.xcconfig"; path = "Target Support Files/Pods-CityAirport/Pods-CityAirport.release.xcconfig"; sourceTree = "<group>"; };
/* End PBXFileReference section */

/* Begin PBXFrameworksBuildPhase section */
		CE614BB0293F512B00C4FDC0 /* Frameworks */ = {
			isa = PBXFrameworksBuildPhase;
			buildActionMask = 2147483647;
			files = (
				625B91B27D124E1003FE9FFB /* Pods_CityAirport.framework in Frameworks */,
			);
			runOnlyForDeploymentPostprocessing = 0;
		};
/* End PBXFrameworksBuildPhase section */

/* Begin PBXGroup section */
		4FABD0FD2AA29DF43C853774 /* Frameworks */ = {
			isa = PBXGroup;
			children = (
				091F899A6A44F290733CA744 /* Pods_CityAirport.framework */,
			);
			name = Frameworks;
			sourceTree = "<group>";
		};
		BCC2EA4C2FBEA7C8FF01D933 /* Pods */ = {
			isa = PBXGroup;
			children = (
				D364B13457B53F6ED09B2CF9 /* Pods-CityAirport.debug.xcconfig */,
				E612D51EECA65AB1230EF1C1 /* Pods-CityAirport.release.xcconfig */,
			);
			path = Pods;
			sourceTree = "<group>";
		};
		CE614BAA293F512B00C4FDC0 = {
			isa = PBXGroup;
			children = (
				CE614BB5293F512B00C4FDC0 /* CityAirport */,
				CE614BB4293F512B00C4FDC0 /* Products */,
				BCC2EA4C2FBEA7C8FF01D933 /* Pods */,
				4FABD0FD2AA29DF43C853774 /* Frameworks */,
			);
			sourceTree = "<group>";
		};
		CE614BB4293F512B00C4FDC0 /* Products */ = {
			isa = PBXGroup;
			children = (
				CE614BB3293F512B00C4FDC0 /* CityAirport.app */,
			);
			name = Products;
			sourceTree = "<group>";
		};
		CE614BB5293F512B00C4FDC0 /* CityAirport */ = {
			isa = PBXGroup;
			children = (
				CE614C152940CBDF00C4FDC0 /* Location */,
				CE614C0C2940CACC00C4FDC0 /* Router */,
				CE614BE8293FAB7200C4FDC0 /* Model */,
				CE614BDA293FA29000C4FDC0 /* NetworkService */,
				CE614BD5293F8D5A00C4FDC0 /* Shared */,
				CE614BCE293F8B7000C4FDC0 /* Coordinator */,
				CE614BCB293F816800C4FDC0 /* ViewModel */,
				CE614BCA293F816000C4FDC0 /* View */,
				CE614BB6293F512B00C4FDC0 /* AppDelegate.swift */,
				CE614BB8293F512B00C4FDC0 /* SceneDelegate.swift */,
				CE614BBC293F512B00C4FDC0 /* Main.storyboard */,
				CE614BBF293F512E00C4FDC0 /* Assets.xcassets */,
				CE614BC1293F512E00C4FDC0 /* LaunchScreen.storyboard */,
				CE614BC4293F512E00C4FDC0 /* Info.plist */,
			);
			path = CityAirport;
			sourceTree = "<group>";
		};
		CE614BCA293F816000C4FDC0 /* View */ = {
			isa = PBXGroup;
			children = (
				CE614C012940C96700C4FDC0 /* Pins */,
				CE614BEB2940C63C00C4FDC0 /* Cell */,
				CE614BBA293F512B00C4FDC0 /* SearchCityViewController.swift */,
				CE614BF92940C79200C4FDC0 /* AirportViewController.swift */,
				CE614BFF2940C90500C4FDC0 /* AirportDetailsViewController.swift */,
			);
			path = View;
			sourceTree = "<group>";
		};
		CE614BCB293F816800C4FDC0 /* ViewModel */ = {
			isa = PBXGroup;
			children = (
				CE614BF42940C70F00C4FDC0 /* CellViewModel */,
				CE614BCC293F81AE00C4FDC0 /* SearchCityViewModel.swift */,
				CE614BFB2940C7EC00C4FDC0 /* AirportsViewModel.swift */,
				CE614C042940C99900C4FDC0 /* AirportMapViewModel.swift */,
				CE614C062940C9DA00C4FDC0 /* AirportDetailsViewModel.swift */,
			);
			path = ViewModel;
			sourceTree = "<group>";
		};
		CE614BCE293F8B7000C4FDC0 /* Coordinator */ = {
			isa = PBXGroup;
			children = (
				CE614BCF293F8B8500C4FDC0 /* SearchCityCoordinator.swift */,
				CE614BD1293F8BAE00C4FDC0 /* CoordinatorProtocol.swift */,
				CE614BD3293F8C9300C4FDC0 /* BaseCoordinator.swift */,
				CE614BD8293F90BB00C4FDC0 /* AppCoordinator.swift */,
				CE614C082940CA6800C4FDC0 /* AirportCoordinator.swift */,
				CE614C0A2940CA7F00C4FDC0 /* AirportDetailsCoordinator.swift */,
			);
			path = Coordinator;
			sourceTree = "<group>";
		};
		CE614BD5293F8D5A00C4FDC0 /* Shared */ = {
			isa = PBXGroup;
			children = (
				CE614BD6293F8D8200C4FDC0 /* Storyboardable.swift */,
				CE614C182940CE9E00C4FDC0 /* Extension + UIColor.swift */,
			);
			path = Shared;
			sourceTree = "<group>";
		};
		CE614BDA293FA29000C4FDC0 /* NetworkService */ = {
			isa = PBXGroup;
			children = (
				CE614BE3293FAAAC00C4FDC0 /* Http */,
				CE614BE4293FAADB00C4FDC0 /* AirportApiProtocol.swift */,
				CE614BE6293FAAEB00C4FDC0 /* AirportApiService.swift */,
			);
			path = NetworkService;
			sourceTree = "<group>";
		};
		CE614BE3293FAAAC00C4FDC0 /* Http */ = {
			isa = PBXGroup;
			children = (
				CE614BDB293FA2AF00C4FDC0 /* HttpRouter.swift */,
				CE614BDD293FA2B900C4FDC0 /* NetworkService.swift */,
				CE614BDF293FA47E00C4FDC0 /* AirportNetworkService.swift */,
				CE614BE1293FA56300C4FDC0 /* AirportHttpRouter.swift */,
			);
			path = Http;
			sourceTree = "<group>";
		};
		CE614BE8293FAB7200C4FDC0 /* Model */ = {
			isa = PBXGroup;
			children = (
				CE614BE9293FAB8700C4FDC0 /* AirportModel.swift */,
			);
			path = Model;
			sourceTree = "<group>";
		};
		CE614BEB2940C63C00C4FDC0 /* Cell */ = {
			isa = PBXGroup;
			children = (
				CE614BEE2940C68000C4FDC0 /* CityTableViewCell.swift */,
				CE614BEF2940C68000C4FDC0 /* CityTableViewCell.xib */,
				CE614BF52940C75800C4FDC0 /* AirportTableViewCell.swift */,
				CE614BF62940C75800C4FDC0 /* AirportTableViewCell.xib */,
			);
			path = Cell;
			sourceTree = "<group>";
		};
		CE614BF42940C70F00C4FDC0 /* CellViewModel */ = {
			isa = PBXGroup;
			children = (
				CE614BF22940C6E600C4FDC0 /* CityViewModel.swift */,
				CE614BFD2940C81800C4FDC0 /* AirportViewModel.swift */,
			);
			path = CellViewModel;
			sourceTree = "<group>";
		};
		CE614C012940C96700C4FDC0 /* Pins */ = {
			isa = PBXGroup;
			children = (
				CE614C022940C97800C4FDC0 /* AirportPin.swift */,
			);
			path = Pins;
			sourceTree = "<group>";
		};
		CE614C0C2940CACC00C4FDC0 /* Router */ = {
			isa = PBXGroup;
			children = (
				CE614C0D2940CAE200C4FDC0 /* Drawable.swift */,
				CE614C0F2940CAFE00C4FDC0 /* Routing.swift */,
				CE614C112940CB1300C4FDC0 /* Router.swift */,
			);
			path = Router;
			sourceTree = "<group>";
		};
		CE614C152940CBDF00C4FDC0 /* Location */ = {
			isa = PBXGroup;
			children = (
				CE614C162940CBEB00C4FDC0 /* LocationService.swift */,
			);
			path = Location;
			sourceTree = "<group>";
		};
/* End PBXGroup section */

/* Begin PBXNativeTarget section */
		CE614BB2293F512B00C4FDC0 /* CityAirport */ = {
			isa = PBXNativeTarget;
			buildConfigurationList = CE614BC7293F512E00C4FDC0 /* Build configuration list for PBXNativeTarget "CityAirport" */;
			buildPhases = (
				9BD9694A622B85942DA9C699 /* [CP] Check Pods Manifest.lock */,
				CE614BAF293F512B00C4FDC0 /* Sources */,
				CE614BB0293F512B00C4FDC0 /* Frameworks */,
				CE614BB1293F512B00C4FDC0 /* Resources */,
				F01496188001C7098FFB4A6C /* [CP] Embed Pods Frameworks */,
			);
			buildRules = (
			);
			dependencies = (
			);
			name = CityAirport;
			productName = CityAirport;
			productReference = CE614BB3293F512B00C4FDC0 /* CityAirport.app */;
			productType = "com.apple.product-type.application";
		};
/* End PBXNativeTarget section */

/* Begin PBXProject section */
		CE614BAB293F512B00C4FDC0 /* Project object */ = {
			isa = PBXProject;
			attributes = {
				BuildIndependentTargetsInParallel = 1;
				LastSwiftUpdateCheck = 1410;
				LastUpgradeCheck = 1410;
				TargetAttributes = {
					CE614BB2293F512B00C4FDC0 = {
						CreatedOnToolsVersion = 14.1;
					};
				};
			};
			buildConfigurationList = CE614BAE293F512B00C4FDC0 /* Build configuration list for PBXProject "CityAirport" */;
			compatibilityVersion = "Xcode 14.0";
			developmentRegion = en;
			hasScannedForEncodings = 0;
			knownRegions = (
				en,
				Base,
			);
			mainGroup = CE614BAA293F512B00C4FDC0;
			productRefGroup = CE614BB4293F512B00C4FDC0 /* Products */;
			projectDirPath = "";
			projectRoot = "";
			targets = (
				CE614BB2293F512B00C4FDC0 /* CityAirport */,
			);
		};
/* End PBXProject section */

/* Begin PBXResourcesBuildPhase section */
		CE614BB1293F512B00C4FDC0 /* Resources */ = {
			isa = PBXResourcesBuildPhase;
			buildActionMask = 2147483647;
			files = (
				CE614BC3293F512E00C4FDC0 /* LaunchScreen.storyboard in Resources */,
				CE614BF82940C75800C4FDC0 /* AirportTableViewCell.xib in Resources */,
				CE614BC0293F512E00C4FDC0 /* Assets.xcassets in Resources */,
				CE614BF12940C68000C4FDC0 /* CityTableViewCell.xib in Resources */,
				CE614BBE293F512B00C4FDC0 /* Main.storyboard in Resources */,
			);
			runOnlyForDeploymentPostprocessing = 0;
		};
/* End PBXResourcesBuildPhase section */

/* Begin PBXShellScriptBuildPhase section */
		9BD9694A622B85942DA9C699 /* [CP] Check Pods Manifest.lock */ = {
			isa = PBXShellScriptBuildPhase;
			buildActionMask = 2147483647;
			files = (
			);
			inputFileListPaths = (
			);
			inputPaths = (
				"${PODS_PODFILE_DIR_PATH}/Podfile.lock",
				"${PODS_ROOT}/Manifest.lock",
			);
			name = "[CP] Check Pods Manifest.lock";
			outputFileListPaths = (
			);
			outputPaths = (
				"$(DERIVED_FILE_DIR)/Pods-CityAirport-checkManifestLockResult.txt",
			);
			runOnlyForDeploymentPostprocessing = 0;
			shellPath = /bin/sh;
			shellScript = "diff \"${PODS_PODFILE_DIR_PATH}/Podfile.lock\" \"${PODS_ROOT}/Manifest.lock\" > /dev/null\nif [ $? != 0 ] ; then\n    # print error to STDERR\n    echo \"error: The sandbox is not in sync with the Podfile.lock. Run 'pod install' or update your CocoaPods installation.\" >&2\n    exit 1\nfi\n# This output is used by Xcode 'outputs' to avoid re-running this script phase.\necho \"SUCCESS\" > \"${SCRIPT_OUTPUT_FILE_0}\"\n";
			showEnvVarsInLog = 0;
		};
		F01496188001C7098FFB4A6C /* [CP] Embed Pods Frameworks */ = {
			isa = PBXShellScriptBuildPhase;
			buildActionMask = 2147483647;
			files = (
			);
			inputFileListPaths = (
				"${PODS_ROOT}/Target Support Files/Pods-CityAirport/Pods-CityAirport-frameworks-${CONFIGURATION}-input-files.xcfilelist",
			);
			name = "[CP] Embed Pods Frameworks";
			outputFileListPaths = (
				"${PODS_ROOT}/Target Support Files/Pods-CityAirport/Pods-CityAirport-frameworks-${CONFIGURATION}-output-files.xcfilelist",
			);
			runOnlyForDeploymentPostprocessing = 0;
			shellPath = /bin/sh;
			shellScript = "\"${PODS_ROOT}/Target Support Files/Pods-CityAirport/Pods-CityAirport-frameworks.sh\"\n";
			showEnvVarsInLog = 0;
		};
/* End PBXShellScriptBuildPhase section */

/* Begin PBXSourcesBuildPhase section */
		CE614BAF293F512B00C4FDC0 /* Sources */ = {
			isa = PBXSourcesBuildPhase;
			buildActionMask = 2147483647;
			files = (
				CE614BDE293FA2B900C4FDC0 /* NetworkService.swift in Sources */,
				CE614BE2293FA56300C4FDC0 /* AirportHttpRouter.swift in Sources */,
				CE614BF02940C68000C4FDC0 /* CityTableViewCell.swift in Sources */,
				CE614C032940C97800C4FDC0 /* AirportPin.swift in Sources */,
				CE614C052940C99900C4FDC0 /* AirportMapViewModel.swift in Sources */,
				CE614C122940CB1300C4FDC0 /* Router.swift in Sources */,
				CE614BBB293F512B00C4FDC0 /* SearchCityViewController.swift in Sources */,
				CE614BB7293F512B00C4FDC0 /* AppDelegate.swift in Sources */,
				CE614BDC293FA2AF00C4FDC0 /* HttpRouter.swift in Sources */,
				CE614BFE2940C81800C4FDC0 /* AirportViewModel.swift in Sources */,
				CE614BD2293F8BAE00C4FDC0 /* CoordinatorProtocol.swift in Sources */,
				CE614C002940C90500C4FDC0 /* AirportDetailsViewController.swift in Sources */,
				CE614BF32940C6E600C4FDC0 /* CityViewModel.swift in Sources */,
				CE614BD0293F8B8500C4FDC0 /* SearchCityCoordinator.swift in Sources */,
				CE614C072940C9DA00C4FDC0 /* AirportDetailsViewModel.swift in Sources */,
				CE614BE0293FA47E00C4FDC0 /* AirportNetworkService.swift in Sources */,
				CE614BE5293FAADB00C4FDC0 /* AirportApiProtocol.swift in Sources */,
				CE614BF72940C75800C4FDC0 /* AirportTableViewCell.swift in Sources */,
				CE614C0B2940CA7F00C4FDC0 /* AirportDetailsCoordinator.swift in Sources */,
				CE614BD7293F8D8200C4FDC0 /* Storyboardable.swift in Sources */,
				CE614BD4293F8C9300C4FDC0 /* BaseCoordinator.swift in Sources */,
				CE614C102940CAFE00C4FDC0 /* Routing.swift in Sources */,
				CE614C092940CA6800C4FDC0 /* AirportCoordinator.swift in Sources */,
				CE614BD9293F90BB00C4FDC0 /* AppCoordinator.swift in Sources */,
				CE614BFC2940C7ED00C4FDC0 /* AirportsViewModel.swift in Sources */,
				CE614BB9293F512B00C4FDC0 /* SceneDelegate.swift in Sources */,
				CE614C172940CBEB00C4FDC0 /* LocationService.swift in Sources */,
				CE614BE7293FAAEB00C4FDC0 /* AirportApiService.swift in Sources */,
				CE614BCD293F81AE00C4FDC0 /* SearchCityViewModel.swift in Sources */,
				CE614C192940CE9E00C4FDC0 /* Extension + UIColor.swift in Sources */,
				CE614BFA2940C79200C4FDC0 /* AirportViewController.swift in Sources */,
				CE614C0E2940CAE200C4FDC0 /* Drawable.swift in Sources */,
				CE614BEA293FAB8700C4FDC0 /* AirportModel.swift in Sources */,
			);
			runOnlyForDeploymentPostprocessing = 0;
		};
/* End PBXSourcesBuildPhase section */

/* Begin PBXVariantGroup section */
		CE614BBC293F512B00C4FDC0 /* Main.storyboard */ = {
			isa = PBXVariantGroup;
			children = (
				CE614BBD293F512B00C4FDC0 /* Base */,
			);
			name = Main.storyboard;
			sourceTree = "<group>";
		};
		CE614BC1293F512E00C4FDC0 /* LaunchScreen.storyboard */ = {
			isa = PBXVariantGroup;
			children = (
				CE614BC2293F512E00C4FDC0 /* Base */,
			);
			name = LaunchScreen.storyboard;
			sourceTree = "<group>";
		};
/* End PBXVariantGroup section */

/* Begin XCBuildConfiguration section */
		CE614BC5293F512E00C4FDC0 /* Debug */ = {
			isa = XCBuildConfiguration;
			buildSettings = {
				ALWAYS_SEARCH_USER_PATHS = NO;
				CLANG_ANALYZER_NONNULL = YES;
				CLANG_ANALYZER_NUMBER_OBJECT_CONVERSION = YES_AGGRESSIVE;
				CLANG_CXX_LANGUAGE_STANDARD = "gnu++20";
				CLANG_ENABLE_MODULES = YES;
				CLANG_ENABLE_OBJC_ARC = YES;
				CLANG_ENABLE_OBJC_WEAK = YES;
				CLANG_WARN_BLOCK_CAPTURE_AUTORELEASING = YES;
				CLANG_WARN_BOOL_CONVERSION = YES;
				CLANG_WARN_COMMA = YES;
				CLANG_WARN_CONSTANT_CONVERSION = YES;
				CLANG_WARN_DEPRECATED_OBJC_IMPLEMENTATIONS = YES;
				CLANG_WARN_DIRECT_OBJC_ISA_USAGE = YES_ERROR;
				CLANG_WARN_DOCUMENTATION_COMMENTS = YES;
				CLANG_WARN_EMPTY_BODY = YES;
				CLANG_WARN_ENUM_CONVERSION = YES;
				CLANG_WARN_INFINITE_RECURSION = YES;
				CLANG_WARN_INT_CONVERSION = YES;
				CLANG_WARN_NON_LITERAL_NULL_CONVERSION = YES;
				CLANG_WARN_OBJC_IMPLICIT_RETAIN_SELF = YES;
				CLANG_WARN_OBJC_LITERAL_CONVERSION = YES;
				CLANG_WARN_OBJC_ROOT_CLASS = YES_ERROR;
				CLANG_WARN_QUOTED_INCLUDE_IN_FRAMEWORK_HEADER = YES;
				CLANG_WARN_RANGE_LOOP_ANALYSIS = YES;
				CLANG_WARN_STRICT_PROTOTYPES = YES;
				CLANG_WARN_SUSPICIOUS_MOVE = YES;
				CLANG_WARN_UNGUARDED_AVAILABILITY = YES_AGGRESSIVE;
				CLANG_WARN_UNREACHABLE_CODE = YES;
				CLANG_WARN__DUPLICATE_METHOD_MATCH = YES;
				COPY_PHASE_STRIP = NO;
				DEBUG_INFORMATION_FORMAT = dwarf;
				ENABLE_STRICT_OBJC_MSGSEND = YES;
				ENABLE_TESTABILITY = YES;
				GCC_C_LANGUAGE_STANDARD = gnu11;
				GCC_DYNAMIC_NO_PIC = NO;
				GCC_NO_COMMON_BLOCKS = YES;
				GCC_OPTIMIZATION_LEVEL = 0;
				GCC_PREPROCESSOR_DEFINITIONS = (
					"DEBUG=1",
					"$(inherited)",
				);
				GCC_WARN_64_TO_32_BIT_CONVERSION = YES;
				GCC_WARN_ABOUT_RETURN_TYPE = YES_ERROR;
				GCC_WARN_UNDECLARED_SELECTOR = YES;
				GCC_WARN_UNINITIALIZED_AUTOS = YES_AGGRESSIVE;
				GCC_WARN_UNUSED_FUNCTION = YES;
				GCC_WARN_UNUSED_VARIABLE = YES;
				IPHONEOS_DEPLOYMENT_TARGET = 16.1;
				MTL_ENABLE_DEBUG_INFO = INCLUDE_SOURCE;
				MTL_FAST_MATH = YES;
				ONLY_ACTIVE_ARCH = YES;
				SDKROOT = iphoneos;
				SWIFT_ACTIVE_COMPILATION_CONDITIONS = DEBUG;
				SWIFT_OPTIMIZATION_LEVEL = "-Onone";
			};
			name = Debug;
		};
		CE614BC6293F512E00C4FDC0 /* Release */ = {
			isa = XCBuildConfiguration;
			buildSettings = {
				ALWAYS_SEARCH_USER_PATHS = NO;
				CLANG_ANALYZER_NONNULL = YES;
				CLANG_ANALYZER_NUMBER_OBJECT_CONVERSION = YES_AGGRESSIVE;
				CLANG_CXX_LANGUAGE_STANDARD = "gnu++20";
				CLANG_ENABLE_MODULES = YES;
				CLANG_ENABLE_OBJC_ARC = YES;
				CLANG_ENABLE_OBJC_WEAK = YES;
				CLANG_WARN_BLOCK_CAPTURE_AUTORELEASING = YES;
				CLANG_WARN_BOOL_CONVERSION = YES;
				CLANG_WARN_COMMA = YES;
				CLANG_WARN_CONSTANT_CONVERSION = YES;
				CLANG_WARN_DEPRECATED_OBJC_IMPLEMENTATIONS = YES;
				CLANG_WARN_DIRECT_OBJC_ISA_USAGE = YES_ERROR;
				CLANG_WARN_DOCUMENTATION_COMMENTS = YES;
				CLANG_WARN_EMPTY_BODY = YES;
				CLANG_WARN_ENUM_CONVERSION = YES;
				CLANG_WARN_INFINITE_RECURSION = YES;
				CLANG_WARN_INT_CONVERSION = YES;
				CLANG_WARN_NON_LITERAL_NULL_CONVERSION = YES;
				CLANG_WARN_OBJC_IMPLICIT_RETAIN_SELF = YES;
				CLANG_WARN_OBJC_LITERAL_CONVERSION = YES;
				CLANG_WARN_OBJC_ROOT_CLASS = YES_ERROR;
				CLANG_WARN_QUOTED_INCLUDE_IN_FRAMEWORK_HEADER = YES;
				CLANG_WARN_RANGE_LOOP_ANALYSIS = YES;
				CLANG_WARN_STRICT_PROTOTYPES = YES;
				CLANG_WARN_SUSPICIOUS_MOVE = YES;
				CLANG_WARN_UNGUARDED_AVAILABILITY = YES_AGGRESSIVE;
				CLANG_WARN_UNREACHABLE_CODE = YES;
				CLANG_WARN__DUPLICATE_METHOD_MATCH = YES;
				COPY_PHASE_STRIP = NO;
				DEBUG_INFORMATION_FORMAT = "dwarf-with-dsym";
				ENABLE_NS_ASSERTIONS = NO;
				ENABLE_STRICT_OBJC_MSGSEND = YES;
				GCC_C_LANGUAGE_STANDARD = gnu11;
				GCC_NO_COMMON_BLOCKS = YES;
				GCC_WARN_64_TO_32_BIT_CONVERSION = YES;
				GCC_WARN_ABOUT_RETURN_TYPE = YES_ERROR;
				GCC_WARN_UNDECLARED_SELECTOR = YES;
				GCC_WARN_UNINITIALIZED_AUTOS = YES_AGGRESSIVE;
				GCC_WARN_UNUSED_FUNCTION = YES;
				GCC_WARN_UNUSED_VARIABLE = YES;
				IPHONEOS_DEPLOYMENT_TARGET = 16.1;
				MTL_ENABLE_DEBUG_INFO = NO;
				MTL_FAST_MATH = YES;
				SDKROOT = iphoneos;
				SWIFT_COMPILATION_MODE = wholemodule;
				SWIFT_OPTIMIZATION_LEVEL = "-O";
				VALIDATE_PRODUCT = YES;
			};
			name = Release;
		};
		CE614BC8293F512E00C4FDC0 /* Debug */ = {
			isa = XCBuildConfiguration;
			baseConfigurationReference = D364B13457B53F6ED09B2CF9 /* Pods-CityAirport.debug.xcconfig */;
			buildSettings = {
				ASSETCATALOG_COMPILER_APPICON_NAME = AppIcon;
				ASSETCATALOG_COMPILER_GLOBAL_ACCENT_COLOR_NAME = AccentColor;
				CODE_SIGN_STYLE = Automatic;
				CURRENT_PROJECT_VERSION = 1;
				DEVELOPMENT_TEAM = 7PAYMRGF6V;
				GENERATE_INFOPLIST_FILE = YES;
				INFOPLIST_FILE = CityAirport/Info.plist;
				INFOPLIST_KEY_UIApplicationSupportsIndirectInputEvents = YES;
				INFOPLIST_KEY_UILaunchStoryboardName = LaunchScreen;
				INFOPLIST_KEY_UIMainStoryboardFile = Main;
				INFOPLIST_KEY_UISupportedInterfaceOrientations_iPad = "UIInterfaceOrientationPortrait UIInterfaceOrientationPortraitUpsideDown UIInterfaceOrientationLandscapeLeft UIInterfaceOrientationLandscapeRight";
				INFOPLIST_KEY_UISupportedInterfaceOrientations_iPhone = "UIInterfaceOrientationPortrait UIInterfaceOrientationLandscapeLeft UIInterfaceOrientationLandscapeRight";
				LD_RUNPATH_SEARCH_PATHS = (
					"$(inherited)",
					"@executable_path/Frameworks",
				);
				MARKETING_VERSION = 1.0;
				PRODUCT_BUNDLE_IDENTIFIER = SPA.CityAirport;
				PRODUCT_NAME = "$(TARGET_NAME)";
				SWIFT_EMIT_LOC_STRINGS = YES;
				SWIFT_VERSION = 5.0;
				TARGETED_DEVICE_FAMILY = "1,2";
			};
			name = Debug;
		};
		CE614BC9293F512E00C4FDC0 /* Release */ = {
			isa = XCBuildConfiguration;
			baseConfigurationReference = E612D51EECA65AB1230EF1C1 /* Pods-CityAirport.release.xcconfig */;
			buildSettings = {
				ASSETCATALOG_COMPILER_APPICON_NAME = AppIcon;
				ASSETCATALOG_COMPILER_GLOBAL_ACCENT_COLOR_NAME = AccentColor;
				CODE_SIGN_STYLE = Automatic;
				CURRENT_PROJECT_VERSION = 1;
				DEVELOPMENT_TEAM = 7PAYMRGF6V;
				GENERATE_INFOPLIST_FILE = YES;
				INFOPLIST_FILE = CityAirport/Info.plist;
				INFOPLIST_KEY_UIApplicationSupportsIndirectInputEvents = YES;
				INFOPLIST_KEY_UILaunchStoryboardName = LaunchScreen;
				INFOPLIST_KEY_UIMainStoryboardFile = Main;
				INFOPLIST_KEY_UISupportedInterfaceOrientations_iPad = "UIInterfaceOrientationPortrait UIInterfaceOrientationPortraitUpsideDown UIInterfaceOrientationLandscapeLeft UIInterfaceOrientationLandscapeRight";
				INFOPLIST_KEY_UISupportedInterfaceOrientations_iPhone = "UIInterfaceOrientationPortrait UIInterfaceOrientationLandscapeLeft UIInterfaceOrientationLandscapeRight";
				LD_RUNPATH_SEARCH_PATHS = (
					"$(inherited)",
					"@executable_path/Frameworks",
				);
				MARKETING_VERSION = 1.0;
				PRODUCT_BUNDLE_IDENTIFIER = SPA.CityAirport;
				PRODUCT_NAME = "$(TARGET_NAME)";
				SWIFT_EMIT_LOC_STRINGS = YES;
				SWIFT_VERSION = 5.0;
				TARGETED_DEVICE_FAMILY = "1,2";
			};
			name = Release;
		};
/* End XCBuildConfiguration section */

/* Begin XCConfigurationList section */
		CE614BAE293F512B00C4FDC0 /* Build configuration list for PBXProject "CityAirport" */ = {
			isa = XCConfigurationList;
			buildConfigurations = (
				CE614BC5293F512E00C4FDC0 /* Debug */,
				CE614BC6293F512E00C4FDC0 /* Release */,
			);
			defaultConfigurationIsVisible = 0;
			defaultConfigurationName = Release;
		};
		CE614BC7293F512E00C4FDC0 /* Build configuration list for PBXNativeTarget "CityAirport" */ = {
			isa = XCConfigurationList;
			buildConfigurations = (
				CE614BC8293F512E00C4FDC0 /* Debug */,
				CE614BC9293F512E00C4FDC0 /* Release */,
			);
			defaultConfigurationIsVisible = 0;
			defaultConfigurationName = Release;
		};
/* End XCConfigurationList section */
	};
	rootObject = CE614BAB293F512B00C4FDC0 /* Project object */;
}
